
Microsoft Visual Studio Solution File, Format Version 12.00
# Visual Studio Version 16
VisualStudioVersion = 16.0.31424.327
MinimumVisualStudioVersion = 10.0.40219.1
Project("{9A19103F-16F7-4668-BE54-9A1E7A4F7556}") = "CSHARPLAB", "CSHARPLAB\CSHARPLAB.csproj", "{841DAA3D-F7B3-4C05-A0A3-71EB86275BDD}"
EndProject
Project("{9A19103F-16F7-4668-BE54-9A1E7A4F7556}") = "DelegateLab", "DelegateLab\DelegateLab.csproj", "{2DD36A2E-5CFB-461C-9111-B561C6CF6316}"
EndProject
Project("{9A19103F-16F7-4668-BE54-9A1E7A4F7556}") = "LAMBDAEXPRESSIONS", "LAMBDAEXPRESSIONS\LAMBDAEXPRESSIONS.csproj", "{832AB982-9EE9-420A-B9DB-88000727C645}"
EndProject
Project("{9A19103F-16F7-4668-BE54-9A1E7A4F7556}") = "YIELDLAB", "YIELDLAB\YIELDLAB.csproj", "{E7E7E2EF-A84F-4D38-9004-63B6D297AB8D}"
EndProject
Project("{9A19103F-16F7-4668-BE54-9A1E7A4F7556}") = "CSHARP", "CSHARP\CSHARP.csproj", "{1A12A452-E2F0-4A92-9B38-675465D2D3B7}"
EndProject
Project("{FAE04EC0-301F-11D3-BF4B-00C04F79EFBC}") = "Serializer", "Serializer\Serializer.csproj", "{A669B7B7-4EA9-471D-AA84-3BC21CF71381}"
EndProject
Global
	GlobalSection(SolutionConfigurationPlatforms) = preSolution
		Debug|Any CPU = Debug|Any CPU
		Release|Any CPU = Release|Any CPU
	EndGlobalSection
	GlobalSection(ProjectConfigurationPlatforms) = postSolution
		{841DAA3D-F7B3-4C05-A0A3-71EB86275BDD}.Debug|Any CPU.ActiveCfg = Debug|Any CPU
		{841DAA3D-F7B3-4C05-A0A3-71EB86275BDD}.Debug|Any CPU.Build.0 = Debug|Any CPU
		{841DAA3D-F7B3-4C05-A0A3-71EB86275BDD}.Release|Any CPU.ActiveCfg = Release|Any CPU
		{841DAA3D-F7B3-4C05-A0A3-71EB86275BDD}.Release|Any CPU.Build.0 = Release|Any CPU
		{2DD36A2E-5CFB-461C-9111-B561C6CF6316}.Debug|Any CPU.ActiveCfg = Debug|Any CPU
		{2DD36A2E-5CFB-461C-9111-B561C6CF6316}.Debug|Any CPU.Build.0 = Debug|Any CPU
		{2DD36A2E-5CFB-461C-9111-B561C6CF6316}.Release|Any CPU.ActiveCfg = Release|Any CPU
		{2DD36A2E-5CFB-461C-9111-B561C6CF6316}.Release|Any CPU.Build.0 = Release|Any CPU
		{832AB982-9EE9-420A-B9DB-88000727C645}.Debug|Any CPU.ActiveCfg = Debug|Any CPU
		{832AB982-9EE9-420A-B9DB-88000727C645}.Debug|Any CPU.Build.0 = Debug|Any CPU
		{832AB982-9EE9-420A-B9DB-88000727C645}.Release|Any CPU.ActiveCfg = Release|Any CPU
		{832AB982-9EE9-420A-B9DB-88000727C645}.Release|Any CPU.Build.0 = Release|Any CPU
		{E7E7E2EF-A84F-4D38-9004-63B6D297AB8D}.Debug|Any CPU.ActiveCfg = Debug|Any CPU
		{E7E7E2EF-A84F-4D38-9004-63B6D297AB8D}.Debug|Any CPU.Build.0 = Debug|Any CPU
		{E7E7E2EF-A84F-4D38-9004-63B6D297AB8D}.Release|Any CPU.ActiveCfg = Release|Any CPU
		{E7E7E2EF-A84F-4D38-9004-63B6D297AB8D}.Release|Any CPU.Build.0 = Release|Any CPU
		{1A12A452-E2F0-4A92-9B38-675465D2D3B7}.Debug|Any CPU.ActiveCfg = Debug|Any CPU
		{1A12A452-E2F0-4A92-9B38-675465D2D3B7}.Debug|Any CPU.Build.0 = Debug|Any CPU
		{1A12A452-E2F0-4A92-9B38-675465D2D3B7}.Release|Any CPU.ActiveCfg = Release|Any CPU
		{1A12A452-E2F0-4A92-9B38-675465D2D3B7}.Release|Any CPU.Build.0 = Release|Any CPU
		{A669B7B7-4EA9-471D-AA84-3BC21CF71381}.Debug|Any CPU.ActiveCfg = Debug|Any CPU
		{A669B7B7-4EA9-471D-AA84-3BC21CF71381}.Debug|Any CPU.Build.0 = Debug|Any CPU
		{A669B7B7-4EA9-471D-AA84-3BC21CF71381}.Release|Any CPU.ActiveCfg = Release|Any CPU
		{A669B7B7-4EA9-471D-AA84-3BC21CF71381}.Release|Any CPU.Build.0 = Release|Any CPU
	EndGlobalSection
	GlobalSection(SolutionProperties) = preSolution
		HideSolutionNode = FALSE
	EndGlobalSection
	GlobalSection(ExtensibilityGlobals) = postSolution
		SolutionGuid = {0B4915B5-4AA1-46D2-9D84-BE61568B994E}
	EndGlobalSection
EndGlobal
